
Microsoft Visual Studio Solution File, Format Version 12.00
# Visual Studio Version 17
VisualStudioVersion = 17.6.33712.159
MinimumVisualStudioVersion = 10.0.40219.1
Project("{FAE04EC0-301F-11D3-BF4B-00C04F79EFBC}") = "SynapseInterview.Code", "SynapseInterview\SynapseInterview.Code.csproj", "{A40ACC0F-9C06-47E9-8955-61BDF5DB3962}"
EndProject
Project("{FAE04EC0-301F-11D3-BF4B-00C04F79EFBC}") = "SynapseInterview.Test", "SynapseInterview.Test\SynapseInterview.Test.csproj", "{2F34113B-E805-4B15-8C3F-47C0C7151F41}"
EndProject
Global
	GlobalSection(SolutionConfigurationPlatforms) = preSolution
		Debug|Any CPU = Debug|Any CPU
		Release|Any CPU = Release|Any CPU
	EndGlobalSection
	GlobalSection(ProjectConfigurationPlatforms) = postSolution
		{A40ACC0F-9C06-47E9-8955-61BDF5DB3962}.Debug|Any CPU.ActiveCfg = Debug|Any CPU
		{A40ACC0F-9C06-47E9-8955-61BDF5DB3962}.Debug|Any CPU.Build.0 = Debug|Any CPU
		{A40ACC0F-9C06-47E9-8955-61BDF5DB3962}.Release|Any CPU.ActiveCfg = Release|Any CPU
		{A40ACC0F-9C06-47E9-8955-61BDF5DB3962}.Release|Any CPU.Build.0 = Release|Any CPU
		{2F34113B-E805-4B15-8C3F-47C0C7151F41}.Debug|Any CPU.ActiveCfg = Debug|Any CPU
		{2F34113B-E805-4B15-8C3F-47C0C7151F41}.Debug|Any CPU.Build.0 = Debug|Any CPU
		{2F34113B-E805-4B15-8C3F-47C0C7151F41}.Release|Any CPU.ActiveCfg = Release|Any CPU
		{2F34113B-E805-4B15-8C3F-47C0C7151F41}.Release|Any CPU.Build.0 = Release|Any CPU
	EndGlobalSection
	GlobalSection(SolutionProperties) = preSolution
		HideSolutionNode = FALSE
	EndGlobalSection
	GlobalSection(ExtensibilityGlobals) = postSolution
		SolutionGuid = {03BA6A76-7D55-4699-8F96-485E08CEA27D}
	EndGlobalSection
EndGlobal
